
Microsoft Visual Studio Solution File, Format Version 12.00
# Visual Studio Version 16
VisualStudioVersion = 16.0.29728.190
MinimumVisualStudioVersion = 10.0.40219.1
Project("{FAE04EC0-301F-11D3-BF4B-00C04F79EFBC}") = "Middleware", "Middleware\Middleware.csproj", "{8CD0FC18-A513-43C0-B69E-DE9AD60C9AE7}"
EndProject
Global
	GlobalSection(SolutionConfigurationPlatforms) = preSolution
		Debug|Any CPU = Debug|Any CPU
		Release|Any CPU = Release|Any CPU
	EndGlobalSection
	GlobalSection(ProjectConfigurationPlatforms) = postSolution
		{8CD0FC18-A513-43C0-B69E-DE9AD60C9AE7}.Debug|Any CPU.ActiveCfg = Debug|Any CPU
		{8CD0FC18-A513-43C0-B69E-DE9AD60C9AE7}.Debug|Any CPU.Build.0 = Debug|Any CPU
		{8CD0FC18-A513-43C0-B69E-DE9AD60C9AE7}.Release|Any CPU.ActiveCfg = Release|Any CPU
		{8CD0FC18-A513-43C0-B69E-DE9AD60C9AE7}.Release|Any CPU.Build.0 = Release|Any CPU
	EndGlobalSection
	GlobalSection(SolutionProperties) = preSolution
		HideSolutionNode = FALSE
	EndGlobalSection
	GlobalSection(ExtensibilityGlobals) = postSolution
		SolutionGuid = {86DDB070-2341-4B6F-9AEC-7146AF16AC82}
	EndGlobalSection
EndGlobal
